
Microsoft Visual Studio Solution File, Format Version 12.00
# Visual Studio Version 17
VisualStudioVersion = 17.6.33829.357
MinimumVisualStudioVersion = 10.0.40219.1
Project("{FAE04EC0-301F-11D3-BF4B-00C04F79EFBC}") = "Assignment16", "Assignment16\Assignment16.csproj", "{A5F47E77-903D-4D47-9864-3830A5BBF4E6}"
EndProject
Global
	GlobalSection(SolutionConfigurationPlatforms) = preSolution
		Debug|Any CPU = Debug|Any CPU
		Release|Any CPU = Release|Any CPU
	EndGlobalSection
	GlobalSection(ProjectConfigurationPlatforms) = postSolution
		{A5F47E77-903D-4D47-9864-3830A5BBF4E6}.Debug|Any CPU.ActiveCfg = Debug|Any CPU
		{A5F47E77-903D-4D47-9864-3830A5BBF4E6}.Debug|Any CPU.Build.0 = Debug|Any CPU
		{A5F47E77-903D-4D47-9864-3830A5BBF4E6}.Release|Any CPU.ActiveCfg = Release|Any CPU
		{A5F47E77-903D-4D47-9864-3830A5BBF4E6}.Release|Any CPU.Build.0 = Release|Any CPU
	EndGlobalSection
	GlobalSection(SolutionProperties) = preSolution
		HideSolutionNode = FALSE
	EndGlobalSection
	GlobalSection(ExtensibilityGlobals) = postSolution
		SolutionGuid = {0048FCBE-C7C1-493E-92E3-C712C63EEA7D}
	EndGlobalSection
EndGlobal
